{
  "name": "@sweet-jet/types",
  "version": "0.1.6",
  "lockfileVersion": 2,
  "requires": true,
  "packages": {
    "": {
      "name": "@sweet-jet/types",
      "version": "0.1.6",
      "license": "MIT",
      "dependencies": {
        "my-package": "^0.0.0",
        "tron-format-address": "^0.1.8"
      },
      "devDependencies": {}
    },
    "node_modules/my-package": {
      "version": "0.0.0",
      "resolved": "https://registry.npmjs.org/my-package/-/my-package-0.0.0.tgz",
      "integrity": "sha512-2Au2tYIZqiX83bizWvvlzDAjAICfqDA/KmFA5+cR1xnKHr5D576q7SktqvEtSAIeZ0GL0uU17LUQkKiWrJK2kQ=="
    },
    "node_modules/tron-format-address": {
      "version": "0.1.8",
      "resolved": "https://registry.npmjs.org/tron-format-address/-/tron-format-address-0.1.8.tgz",
      "integrity": "sha512-oTtzUM43OZhQiv1p2aOVqbnev6mmJHXQrMpS3nn7zVAI/+ffA/aF+Y/vugHtYotckkromRLPEl/SR1HfJjAYQA==",
      "license": "MIT"
    }
  },
  "dependencies": {
    "my-package": {
      "version": "0.0.0",
      "resolved": "https://registry.npmjs.org/my-package/-/my-package-0.0.0.tgz",
      "integrity": "sha512-2Au2tYIZqiX83bizWvvlzDAjAICfqDA/KmFA5+cR1xnKHr5D576q7SktqvEtSAIeZ0GL0uU17LUQkKiWrJK2kQ=="
    },
    "tron-format-address": {
      "version": "0.1.8",
      "resolved": "https://registry.npmjs.org/tron-format-address/-/tron-format-address-0.1.8.tgz",
      "integrity": "sha512-oTtzUM43OZhQiv1p2aOVqbnev6mmJHXQrMpS3nn7zVAI/+ffA/aF+Y/vugHtYotckkromRLPEl/SR1HfJjAYQA=="
    }
  }
}
